
Microsoft Visual Studio Solution File, Format Version 12.00
# Visual Studio Version 17
VisualStudioVersion = 17.14.36414.22
MinimumVisualStudioVersion = 10.0.40219.1
Project("{FAE04EC0-301F-11D3-BF4B-00C04F79EFBC}") = "Cliente.API", "CustomerService.API\Cliente.API.csproj", "{D81C8619-AB59-40FB-B7C5-F4C03CB79B7A}"
EndProject
Project("{FAE04EC0-301F-11D3-BF4B-00C04F79EFBC}") = "Cliente.Domain", "CustomerService.Domain\Cliente.Domain.csproj", "{75C5BE1A-7714-4EE8-ADAB-F49D41147186}"
EndProject
Project("{FAE04EC0-301F-11D3-BF4B-00C04F79EFBC}") = "Cliente.Application", "CustomerService.Application\Cliente.Application.csproj", "{F0D79336-ED25-432F-A683-D14AAC9AB3D3}"
EndProject
Project("{FAE04EC0-301F-11D3-BF4B-00C04F79EFBC}") = "Cliente.Infrastructure", "CustomerService.Infrastructure\Cliente.Infrastructure.csproj", "{732637C1-E0D6-41F2-8002-ECC4A878D114}"
EndProject
Project("{FAE04EC0-301F-11D3-BF4B-00C04F79EFBC}") = "FalhaGeracaoCartaoWorker", "FalhaGeracaoCartao\FalhaGeracaoCartaoWorker.csproj", "{4D586689-6C5C-4214-A4B6-51BF4FDE19E2}"
EndProject
Global
	GlobalSection(SolutionConfigurationPlatforms) = preSolution
		Debug|Any CPU = Debug|Any CPU
		Release|Any CPU = Release|Any CPU
	EndGlobalSection
	GlobalSection(ProjectConfigurationPlatforms) = postSolution
		{D81C8619-AB59-40FB-B7C5-F4C03CB79B7A}.Debug|Any CPU.ActiveCfg = Debug|Any CPU
		{D81C8619-AB59-40FB-B7C5-F4C03CB79B7A}.Debug|Any CPU.Build.0 = Debug|Any CPU
		{D81C8619-AB59-40FB-B7C5-F4C03CB79B7A}.Release|Any CPU.ActiveCfg = Release|Any CPU
		{D81C8619-AB59-40FB-B7C5-F4C03CB79B7A}.Release|Any CPU.Build.0 = Release|Any CPU
		{75C5BE1A-7714-4EE8-ADAB-F49D41147186}.Debug|Any CPU.ActiveCfg = Debug|Any CPU
		{75C5BE1A-7714-4EE8-ADAB-F49D41147186}.Debug|Any CPU.Build.0 = Debug|Any CPU
		{75C5BE1A-7714-4EE8-ADAB-F49D41147186}.Release|Any CPU.ActiveCfg = Release|Any CPU
		{75C5BE1A-7714-4EE8-ADAB-F49D41147186}.Release|Any CPU.Build.0 = Release|Any CPU
		{F0D79336-ED25-432F-A683-D14AAC9AB3D3}.Debug|Any CPU.ActiveCfg = Debug|Any CPU
		{F0D79336-ED25-432F-A683-D14AAC9AB3D3}.Debug|Any CPU.Build.0 = Debug|Any CPU
		{F0D79336-ED25-432F-A683-D14AAC9AB3D3}.Release|Any CPU.ActiveCfg = Release|Any CPU
		{F0D79336-ED25-432F-A683-D14AAC9AB3D3}.Release|Any CPU.Build.0 = Release|Any CPU
		{732637C1-E0D6-41F2-8002-ECC4A878D114}.Debug|Any CPU.ActiveCfg = Debug|Any CPU
		{732637C1-E0D6-41F2-8002-ECC4A878D114}.Debug|Any CPU.Build.0 = Debug|Any CPU
		{732637C1-E0D6-41F2-8002-ECC4A878D114}.Release|Any CPU.ActiveCfg = Release|Any CPU
		{732637C1-E0D6-41F2-8002-ECC4A878D114}.Release|Any CPU.Build.0 = Release|Any CPU
		{4D586689-6C5C-4214-A4B6-51BF4FDE19E2}.Debug|Any CPU.ActiveCfg = Debug|Any CPU
		{4D586689-6C5C-4214-A4B6-51BF4FDE19E2}.Debug|Any CPU.Build.0 = Debug|Any CPU
		{4D586689-6C5C-4214-A4B6-51BF4FDE19E2}.Release|Any CPU.ActiveCfg = Release|Any CPU
		{4D586689-6C5C-4214-A4B6-51BF4FDE19E2}.Release|Any CPU.Build.0 = Release|Any CPU
	EndGlobalSection
	GlobalSection(SolutionProperties) = preSolution
		HideSolutionNode = FALSE
	EndGlobalSection
	GlobalSection(ExtensibilityGlobals) = postSolution
		SolutionGuid = {04793A4F-4DB4-4408-B3D6-157CB190455F}
	EndGlobalSection
EndGlobal
